
Microsoft Visual Studio Solution File, Format Version 12.00
# Visual Studio 15
VisualStudioVersion = 15.0.28307.1022
MinimumVisualStudioVersion = 10.0.40219.1
Project("{FAE04EC0-301F-11D3-BF4B-00C04F79EFBC}") = "PSTk", "PSTk\PSTk.csproj", "{3414BD6F-0781-41F5-8253-A933408F6F35}"
EndProject
Global
	GlobalSection(SolutionConfigurationPlatforms) = preSolution
		Debug|Any CPU = Debug|Any CPU
		Release|Any CPU = Release|Any CPU
	EndGlobalSection
	GlobalSection(ProjectConfigurationPlatforms) = postSolution
		{3414BD6F-0781-41F5-8253-A933408F6F35}.Debug|Any CPU.ActiveCfg = Debug|Any CPU
		{3414BD6F-0781-41F5-8253-A933408F6F35}.Debug|Any CPU.Build.0 = Debug|Any CPU
		{3414BD6F-0781-41F5-8253-A933408F6F35}.Release|Any CPU.ActiveCfg = Release|Any CPU
		{3414BD6F-0781-41F5-8253-A933408F6F35}.Release|Any CPU.Build.0 = Release|Any CPU
	EndGlobalSection
	GlobalSection(SolutionProperties) = preSolution
		HideSolutionNode = FALSE
	EndGlobalSection
	GlobalSection(ExtensibilityGlobals) = postSolution
		SolutionGuid = {DF887AA3-2668-4D27-8917-47E051A02898}
	EndGlobalSection
EndGlobal
